Microsoft Visual Studio Solution File, Format Version 12.00
# Visual Studio 16
Project("{2150E333-8FDC-42A3-9474-1A3956D46DE8}") = "CMakePredefinedTargets", "CMakePredefinedTargets", "{EF82A709-11ED-356F-8642-C04E902036A0}"
EndProject
Project("{2150E333-8FDC-42A3-9474-1A3956D46DE8}") = "GLFW3", "GLFW3", "{A967B3F0-77B5-3055-9A1D-5C4A81D4EA4C}"
EndProject
Project("{2150E333-8FDC-42A3-9474-1A3956D46DE8}") = "Examples", "GLFW3\Examples", "{3943A711-1357-30B6-BE72-56040E83DF1A}"
EndProject
Project("{2150E333-8FDC-42A3-9474-1A3956D46DE8}") = "Tests", "GLFW3\Tests", "{9C6F0DC5-602D-321E-B9FE-B505E343D7CB}"
EndProject
Project("{8BC9CEB8-8B4A-11D0-8D11-00A0C91BC942}") = "ALL_BUILD", "ALL_BUILD.vcxproj", "{6C747BAE-7BE3-3E56-8571-F620F2BB2144}"
	ProjectSection(ProjectDependencies) = postProject
		{4C0176F7-B844-3B5A-A27A-EF420B557ACD} = {4C0176F7-B844-3B5A-A27A-EF420B557ACD}
		{BD4F256C-6705-3A04-A71D-AB058E601C67} = {BD4F256C-6705-3A04-A71D-AB058E601C67}
		{B78EA2EE-B24E-3420-AC61-C67A247CF4EB} = {B78EA2EE-B24E-3420-AC61-C67A247CF4EB}
		{684E9625-A03B-3054-837D-D33B79CE0776} = {684E9625-A03B-3054-837D-D33B79CE0776}
		{87AB170C-962D-3896-B3CE-8AA44F74D43E} = {87AB170C-962D-3896-B3CE-8AA44F74D43E}
		{896590CC-A3FD-3DD7-8580-47EF1F611D2C} = {896590CC-A3FD-3DD7-8580-47EF1F611D2C}
		{04877FB0-BF48-3DB7-A167-09388A9B5B57} = {04877FB0-BF48-3DB7-A167-09388A9B5B57}
		{46D38CA4-ECA0-31FD-B232-47259867DB1F} = {46D38CA4-ECA0-31FD-B232-47259867DB1F}
		{A6A39AA7-95A2-3F5D-89BC-FE9E924F11A6} = {A6A39AA7-95A2-3F5D-89BC-FE9E924F11A6}
		{E3515616-FCB1-3198-929A-39026938EF3B} = {E3515616-FCB1-3198-929A-39026938EF3B}
		{E715C33E-8833-314E-87FC-98F17872919F} = {E715C33E-8833-314E-87FC-98F17872919F}
		{DA088F4C-B6FC-304D-BCA0-CF709CED9CD8} = {DA088F4C-B6FC-304D-BCA0-CF709CED9CD8}
		{9372187F-C89B-3224-93F2-3B098BA545D5} = {9372187F-C89B-3224-93F2-3B098BA545D5}
		{F6CB48CB-D5A2-36A7-98CA-4DDB804C689D} = {F6CB48CB-D5A2-36A7-98CA-4DDB804C689D}
		{5DA7F2A4-B618-376C-9DBA-A0113E9C3EEB} = {5DA7F2A4-B618-376C-9DBA-A0113E9C3EEB}
		{9C03CC57-3685-33D8-A7CA-359CA167CC3C} = {9C03CC57-3685-33D8-A7CA-359CA167CC3C}
		{C3A4ABBF-7A27-3B25-9AD6-25C8653E8CAC} = {C3A4ABBF-7A27-3B25-9AD6-25C8653E8CAC}
		{03E77480-2F70-3F0D-A780-57E52B095B59} = {03E77480-2F70-3F0D-A780-57E52B095B59}
		{0BEBE075-40AB-3E82-9A5D-2C904D8D39A4} = {0BEBE075-40AB-3E82-9A5D-2C904D8D39A4}
		{29753A0E-8EB0-37AE-8CB5-3ECB732C1228} = {29753A0E-8EB0-37AE-8CB5-3ECB732C1228}
		{300B7E66-7F4C-3DA0-95A0-5A7D4AAEC199} = {300B7E66-7F4C-3DA0-95A0-5A7D4AAEC199}
		{9E75DB03-922A-34DE-8743-9A44A828255F} = {9E75DB03-922A-34DE-8743-9A44A828255F}
		{9428FE3C-C634-3DE2-BD48-D84B055E735A} = {9428FE3C-C634-3DE2-BD48-D84B055E735A}
		{D0C36CD6-64EB-327F-9753-AA9C6CAAEED3} = {D0C36CD6-64EB-327F-9753-AA9C6CAAEED3}
		{64F341E4-F8B4-3CAA-A582-B02CA1064A3A} = {64F341E4-F8B4-3CAA-A582-B02CA1064A3A}
		{876EFCCA-A8AA-351D-8FAF-440F607E0053} = {876EFCCA-A8AA-351D-8FAF-440F607E0053}
		{E6AB9A6A-B302-3EB1-A884-754569182282} = {E6AB9A6A-B302-3EB1-A884-754569182282}
		{D6C87D5F-59D8-3CA3-9296-01ED3097671B} = {D6C87D5F-59D8-3CA3-9296-01ED3097671B}
		{27F46DF6-4D7D-34AC-8AB2-07733E097903} = {27F46DF6-4D7D-34AC-8AB2-07733E097903}
		{67DA3979-23A2-3AD3-8C37-2EF2EC18D6ED} = {67DA3979-23A2-3AD3-8C37-2EF2EC18D6ED}
		{57AAA400-FC83-301E-A936-204ADC51AE4D} = {57AAA400-FC83-301E-A936-204ADC51AE4D}
		{65232F2A-EB67-3B7F-862B-A32F85650918} = {65232F2A-EB67-3B7F-862B-A32F85650918}
	EndProjectSection
EndProject
Project("{8BC9CEB8-8B4A-11D0-8D11-00A0C91BC942}") = "INSTALL", "INSTALL.vcxproj", "{0644171B-50BA-37AD-903D-E99F57B6EC5F}"
	ProjectSection(ProjectDependencies) = postProject
		{6C747BAE-7BE3-3E56-8571-F620F2BB2144} = {6C747BAE-7BE3-3E56-8571-F620F2BB2144}
		{4C0176F7-B844-3B5A-A27A-EF420B557ACD} = {4C0176F7-B844-3B5A-A27A-EF420B557ACD}
	EndProjectSection
EndProject
Project("{8BC9CEB8-8B4A-11D0-8D11-00A0C91BC942}") = "ZERO_CHECK", "ZERO_CHECK.vcxproj", "{4C0176F7-B844-3B5A-A27A-EF420B557ACD}"
	ProjectSection(ProjectDependencies) = postProject
	EndProjectSection
EndProject
Project("{8BC9CEB8-8B4A-11D0-8D11-00A0C91BC942}") = "boing", "examples\boing.vcxproj", "{BD4F256C-6705-3A04-A71D-AB058E601C67}"
	ProjectSection(ProjectDependencies) = postProject
		{4C0176F7-B844-3B5A-A27A-EF420B557ACD} = {4C0176F7-B844-3B5A-A27A-EF420B557ACD}
		{E3515616-FCB1-3198-929A-39026938EF3B} = {E3515616-FCB1-3198-929A-39026938EF3B}
	EndProjectSection
EndProject
Project("{8BC9CEB8-8B4A-11D0-8D11-00A0C91BC942}") = "clipboard", "tests\clipboard.vcxproj", "{B78EA2EE-B24E-3420-AC61-C67A247CF4EB}"
	ProjectSection(ProjectDependencies) = postProject
		{4C0176F7-B844-3B5A-A27A-EF420B557ACD} = {4C0176F7-B844-3B5A-A27A-EF420B557ACD}
		{E3515616-FCB1-3198-929A-39026938EF3B} = {E3515616-FCB1-3198-929A-39026938EF3B}
	EndProjectSection
EndProject
Project("{8BC9CEB8-8B4A-11D0-8D11-00A0C91BC942}") = "cursor", "tests\cursor.vcxproj", "{684E9625-A03B-3054-837D-D33B79CE0776}"
	ProjectSection(ProjectDependencies) = postProject
		{4C0176F7-B844-3B5A-A27A-EF420B557ACD} = {4C0176F7-B844-3B5A-A27A-EF420B557ACD}
		{E3515616-FCB1-3198-929A-39026938EF3B} = {E3515616-FCB1-3198-929A-39026938EF3B}
	EndProjectSection
EndProject
Project("{8BC9CEB8-8B4A-11D0-8D11-00A0C91BC942}") = "docs", "docs\docs.vcxproj", "{87AB170C-962D-3896-B3CE-8AA44F74D43E}"
	ProjectSection(ProjectDependencies) = postProject
		{4C0176F7-B844-3B5A-A27A-EF420B557ACD} = {4C0176F7-B844-3B5A-A27A-EF420B557ACD}
	EndProjectSection
EndProject
Project("{8BC9CEB8-8B4A-11D0-8D11-00A0C91BC942}") = "empty", "tests\empty.vcxproj", "{896590CC-A3FD-3DD7-8580-47EF1F611D2C}"
	ProjectSection(ProjectDependencies) = postProject
		{4C0176F7-B844-3B5A-A27A-EF420B557ACD} = {4C0176F7-B844-3B5A-A27A-EF420B557ACD}
		{E3515616-FCB1-3198-929A-39026938EF3B} = {E3515616-FCB1-3198-929A-39026938EF3B}
	EndProjectSection
EndProject
Project("{8BC9CEB8-8B4A-11D0-8D11-00A0C91BC942}") = "events", "tests\events.vcxproj", "{04877FB0-BF48-3DB7-A167-09388A9B5B57}"
	ProjectSection(ProjectDependencies) = postProject
		{4C0176F7-B844-3B5A-A27A-EF420B557ACD} = {4C0176F7-B844-3B5A-A27A-EF420B557ACD}
		{E3515616-FCB1-3198-929A-39026938EF3B} = {E3515616-FCB1-3198-929A-39026938EF3B}
	EndProjectSection
EndProject
Project("{8BC9CEB8-8B4A-11D0-8D11-00A0C91BC942}") = "gamma", "tests\gamma.vcxproj", "{46D38CA4-ECA0-31FD-B232-47259867DB1F}"
	ProjectSection(ProjectDependencies) = postProject
		{4C0176F7-B844-3B5A-A27A-EF420B557ACD} = {4C0176F7-B844-3B5A-A27A-EF420B557ACD}
		{E3515616-FCB1-3198-929A-39026938EF3B} = {E3515616-FCB1-3198-929A-39026938EF3B}
	EndProjectSection
EndProject
Project("{8BC9CEB8-8B4A-11D0-8D11-00A0C91BC942}") = "gears", "examples\gears.vcxproj", "{A6A39AA7-95A2-3F5D-89BC-FE9E924F11A6}"
	ProjectSection(ProjectDependencies) = postProject
		{4C0176F7-B844-3B5A-A27A-EF420B557ACD} = {4C0176F7-B844-3B5A-A27A-EF420B557ACD}
		{E3515616-FCB1-3198-929A-39026938EF3B} = {E3515616-FCB1-3198-929A-39026938EF3B}
	EndProjectSection
EndProject
Project("{8BC9CEB8-8B4A-11D0-8D11-00A0C91BC942}") = "glfw", "src\glfw.vcxproj", "{E3515616-FCB1-3198-929A-39026938EF3B}"
	ProjectSection(ProjectDependencies) = postProject
		{4C0176F7-B844-3B5A-A27A-EF420B557ACD} = {4C0176F7-B844-3B5A-A27A-EF420B557ACD}
	EndProjectSection
EndProject
Project("{8BC9CEB8-8B4A-11D0-8D11-00A0C91BC942}") = "glfwinfo", "tests\glfwinfo.vcxproj", "{E715C33E-8833-314E-87FC-98F17872919F}"
	ProjectSection(ProjectDependencies) = postProject
		{4C0176F7-B844-3B5A-A27A-EF420B557ACD} = {4C0176F7-B844-3B5A-A27A-EF420B557ACD}
		{E3515616-FCB1-3198-929A-39026938EF3B} = {E3515616-FCB1-3198-929A-39026938EF3B}
	EndProjectSection
EndProject
Project("{8BC9CEB8-8B4A-11D0-8D11-00A0C91BC942}") = "heightmap", "examples\heightmap.vcxproj", "{DA088F4C-B6FC-304D-BCA0-CF709CED9CD8}"
	ProjectSection(ProjectDependencies) = postProject
		{4C0176F7-B844-3B5A-A27A-EF420B557ACD} = {4C0176F7-B844-3B5A-A27A-EF420B557ACD}
		{E3515616-FCB1-3198-929A-39026938EF3B} = {E3515616-FCB1-3198-929A-39026938EF3B}
	EndProjectSection
EndProject
Project("{8BC9CEB8-8B4A-11D0-8D11-00A0C91BC942}") = "icon", "tests\icon.vcxproj", "{9372187F-C89B-3224-93F2-3B098BA545D5}"
	ProjectSection(ProjectDependencies) = postProject
		{4C0176F7-B844-3B5A-A27A-EF420B557ACD} = {4C0176F7-B844-3B5A-A27A-EF420B557ACD}
		{E3515616-FCB1-3198-929A-39026938EF3B} = {E3515616-FCB1-3198-929A-39026938EF3B}
	EndProjectSection
EndProject
Project("{8BC9CEB8-8B4A-11D0-8D11-00A0C91BC942}") = "iconify", "tests\iconify.vcxproj", "{F6CB48CB-D5A2-36A7-98CA-4DDB804C689D}"
	ProjectSection(ProjectDependencies) = postProject
		{4C0176F7-B844-3B5A-A27A-EF420B557ACD} = {4C0176F7-B844-3B5A-A27A-EF420B557ACD}
		{E3515616-FCB1-3198-929A-39026938EF3B} = {E3515616-FCB1-3198-929A-39026938EF3B}
	EndProjectSection
EndProject
Project("{8BC9CEB8-8B4A-11D0-8D11-00A0C91BC942}") = "inputlag", "tests\inputlag.vcxproj", "{5DA7F2A4-B618-376C-9DBA-A0113E9C3EEB}"
	ProjectSection(ProjectDependencies) = postProject
		{4C0176F7-B844-3B5A-A27A-EF420B557ACD} = {4C0176F7-B844-3B5A-A27A-EF420B557ACD}
		{E3515616-FCB1-3198-929A-39026938EF3B} = {E3515616-FCB1-3198-929A-39026938EF3B}
	EndProjectSection
EndProject
Project("{8BC9CEB8-8B4A-11D0-8D11-00A0C91BC942}") = "joysticks", "tests\joysticks.vcxproj", "{9C03CC57-3685-33D8-A7CA-359CA167CC3C}"
	ProjectSection(ProjectDependencies) = postProject
		{4C0176F7-B844-3B5A-A27A-EF420B557ACD} = {4C0176F7-B844-3B5A-A27A-EF420B557ACD}
		{E3515616-FCB1-3198-929A-39026938EF3B} = {E3515616-FCB1-3198-929A-39026938EF3B}
	EndProjectSection
EndProject
Project("{8BC9CEB8-8B4A-11D0-8D11-00A0C91BC942}") = "monitors", "tests\monitors.vcxproj", "{C3A4ABBF-7A27-3B25-9AD6-25C8653E8CAC}"
	ProjectSection(ProjectDependencies) = postProject
		{4C0176F7-B844-3B5A-A27A-EF420B557ACD} = {4C0176F7-B844-3B5A-A27A-EF420B557ACD}
		{E3515616-FCB1-3198-929A-39026938EF3B} = {E3515616-FCB1-3198-929A-39026938EF3B}
	EndProjectSection
EndProject
Project("{8BC9CEB8-8B4A-11D0-8D11-00A0C91BC942}") = "msaa", "tests\msaa.vcxproj", "{03E77480-2F70-3F0D-A780-57E52B095B59}"
	ProjectSection(ProjectDependencies) = postProject
		{4C0176F7-B844-3B5A-A27A-EF420B557ACD} = {4C0176F7-B844-3B5A-A27A-EF420B557ACD}
		{E3515616-FCB1-3198-929A-39026938EF3B} = {E3515616-FCB1-3198-929A-39026938EF3B}
	EndProjectSection
EndProject
Project("{8BC9CEB8-8B4A-11D0-8D11-00A0C91BC942}") = "offscreen", "examples\offscreen.vcxproj", "{0BEBE075-40AB-3E82-9A5D-2C904D8D39A4}"
	ProjectSection(ProjectDependencies) = postProject
		{4C0176F7-B844-3B5A-A27A-EF420B557ACD} = {4C0176F7-B844-3B5A-A27A-EF420B557ACD}
		{E3515616-FCB1-3198-929A-39026938EF3B} = {E3515616-FCB1-3198-929A-39026938EF3B}
	EndProjectSection
EndProject
Project("{8BC9CEB8-8B4A-11D0-8D11-00A0C91BC942}") = "opacity", "tests\opacity.vcxproj", "{29753A0E-8EB0-37AE-8CB5-3ECB732C1228}"
	ProjectSection(ProjectDependencies) = postProject
		{4C0176F7-B844-3B5A-A27A-EF420B557ACD} = {4C0176F7-B844-3B5A-A27A-EF420B557ACD}
		{E3515616-FCB1-3198-929A-39026938EF3B} = {E3515616-FCB1-3198-929A-39026938EF3B}
	EndProjectSection
EndProject
Project("{8BC9CEB8-8B4A-11D0-8D11-00A0C91BC942}") = "particles", "examples\particles.vcxproj", "{300B7E66-7F4C-3DA0-95A0-5A7D4AAEC199}"
	ProjectSection(ProjectDependencies) = postProject
		{4C0176F7-B844-3B5A-A27A-EF420B557ACD} = {4C0176F7-B844-3B5A-A27A-EF420B557ACD}
		{E3515616-FCB1-3198-929A-39026938EF3B} = {E3515616-FCB1-3198-929A-39026938EF3B}
	EndProjectSection
EndProject
Project("{8BC9CEB8-8B4A-11D0-8D11-00A0C91BC942}") = "reopen", "tests\reopen.vcxproj", "{9E75DB03-922A-34DE-8743-9A44A828255F}"
	ProjectSection(ProjectDependencies) = postProject
		{4C0176F7-B844-3B5A-A27A-EF420B557ACD} = {4C0176F7-B844-3B5A-A27A-EF420B557ACD}
		{E3515616-FCB1-3198-929A-39026938EF3B} = {E3515616-FCB1-3198-929A-39026938EF3B}
	EndProjectSection
EndProject
Project("{8BC9CEB8-8B4A-11D0-8D11-00A0C91BC942}") = "sharing", "examples\sharing.vcxproj", "{9428FE3C-C634-3DE2-BD48-D84B055E735A}"
	ProjectSection(ProjectDependencies) = postProject
		{4C0176F7-B844-3B5A-A27A-EF420B557ACD} = {4C0176F7-B844-3B5A-A27A-EF420B557ACD}
		{E3515616-FCB1-3198-929A-39026938EF3B} = {E3515616-FCB1-3198-929A-39026938EF3B}
	EndProjectSection
EndProject
Project("{8BC9CEB8-8B4A-11D0-8D11-00A0C91BC942}") = "splitview", "examples\splitview.vcxproj", "{D0C36CD6-64EB-327F-9753-AA9C6CAAEED3}"
	ProjectSection(ProjectDependencies) = postProject
		{4C0176F7-B844-3B5A-A27A-EF420B557ACD} = {4C0176F7-B844-3B5A-A27A-EF420B557ACD}
		{E3515616-FCB1-3198-929A-39026938EF3B} = {E3515616-FCB1-3198-929A-39026938EF3B}
	EndProjectSection
EndProject
Project("{8BC9CEB8-8B4A-11D0-8D11-00A0C91BC942}") = "tearing", "tests\tearing.vcxproj", "{64F341E4-F8B4-3CAA-A582-B02CA1064A3A}"
	ProjectSection(ProjectDependencies) = postProject
		{4C0176F7-B844-3B5A-A27A-EF420B557ACD} = {4C0176F7-B844-3B5A-A27A-EF420B557ACD}
		{E3515616-FCB1-3198-929A-39026938EF3B} = {E3515616-FCB1-3198-929A-39026938EF3B}
	EndProjectSection
EndProject
Project("{8BC9CEB8-8B4A-11D0-8D11-00A0C91BC942}") = "threads", "tests\threads.vcxproj", "{876EFCCA-A8AA-351D-8FAF-440F607E0053}"
	ProjectSection(ProjectDependencies) = postProject
		{4C0176F7-B844-3B5A-A27A-EF420B557ACD} = {4C0176F7-B844-3B5A-A27A-EF420B557ACD}
		{E3515616-FCB1-3198-929A-39026938EF3B} = {E3515616-FCB1-3198-929A-39026938EF3B}
	EndProjectSection
EndProject
Project("{8BC9CEB8-8B4A-11D0-8D11-00A0C91BC942}") = "timeout", "tests\timeout.vcxproj", "{E6AB9A6A-B302-3EB1-A884-754569182282}"
	ProjectSection(ProjectDependencies) = postProject
		{4C0176F7-B844-3B5A-A27A-EF420B557ACD} = {4C0176F7-B844-3B5A-A27A-EF420B557ACD}
		{E3515616-FCB1-3198-929A-39026938EF3B} = {E3515616-FCB1-3198-929A-39026938EF3B}
	EndProjectSection
EndProject
Project("{8BC9CEB8-8B4A-11D0-8D11-00A0C91BC942}") = "title", "tests\title.vcxproj", "{D6C87D5F-59D8-3CA3-9296-01ED3097671B}"
	ProjectSection(ProjectDependencies) = postProject
		{4C0176F7-B844-3B5A-A27A-EF420B557ACD} = {4C0176F7-B844-3B5A-A27A-EF420B557ACD}
		{E3515616-FCB1-3198-929A-39026938EF3B} = {E3515616-FCB1-3198-929A-39026938EF3B}
	EndProjectSection
EndProject
Project("{8BC9CEB8-8B4A-11D0-8D11-00A0C91BC942}") = "triangle-opengl", "examples\triangle-opengl.vcxproj", "{27F46DF6-4D7D-34AC-8AB2-07733E097903}"
	ProjectSection(ProjectDependencies) = postProject
		{4C0176F7-B844-3B5A-A27A-EF420B557ACD} = {4C0176F7-B844-3B5A-A27A-EF420B557ACD}
		{E3515616-FCB1-3198-929A-39026938EF3B} = {E3515616-FCB1-3198-929A-39026938EF3B}
	EndProjectSection
EndProject
Project("{8BC9CEB8-8B4A-11D0-8D11-00A0C91BC942}") = "triangle-vulkan", "tests\triangle-vulkan.vcxproj", "{67DA3979-23A2-3AD3-8C37-2EF2EC18D6ED}"
	ProjectSection(ProjectDependencies) = postProject
		{4C0176F7-B844-3B5A-A27A-EF420B557ACD} = {4C0176F7-B844-3B5A-A27A-EF420B557ACD}
		{E3515616-FCB1-3198-929A-39026938EF3B} = {E3515616-FCB1-3198-929A-39026938EF3B}
	EndProjectSection
EndProject
Project("{8BC9CEB8-8B4A-11D0-8D11-00A0C91BC942}") = "uninstall", "uninstall.vcxproj", "{2B950E03-D2E6-35DA-B332-C3C3AAA4B8A5}"
	ProjectSection(ProjectDependencies) = postProject
		{4C0176F7-B844-3B5A-A27A-EF420B557ACD} = {4C0176F7-B844-3B5A-A27A-EF420B557ACD}
	EndProjectSection
EndProject
Project("{8BC9CEB8-8B4A-11D0-8D11-00A0C91BC942}") = "wave", "examples\wave.vcxproj", "{57AAA400-FC83-301E-A936-204ADC51AE4D}"
	ProjectSection(ProjectDependencies) = postProject
		{4C0176F7-B844-3B5A-A27A-EF420B557ACD} = {4C0176F7-B844-3B5A-A27A-EF420B557ACD}
		{E3515616-FCB1-3198-929A-39026938EF3B} = {E3515616-FCB1-3198-929A-39026938EF3B}
	EndProjectSection
EndProject
Project("{8BC9CEB8-8B4A-11D0-8D11-00A0C91BC942}") = "windows", "tests\windows.vcxproj", "{65232F2A-EB67-3B7F-862B-A32F85650918}"
	ProjectSection(ProjectDependencies) = postProject
		{4C0176F7-B844-3B5A-A27A-EF420B557ACD} = {4C0176F7-B844-3B5A-A27A-EF420B557ACD}
		{E3515616-FCB1-3198-929A-39026938EF3B} = {E3515616-FCB1-3198-929A-39026938EF3B}
	EndProjectSection
EndProject
Global
	GlobalSection(SolutionConfigurationPlatforms) = preSolution
		Debug|x64 = Debug|x64
		Release|x64 = Release|x64
		MinSizeRel|x64 = MinSizeRel|x64
		RelWithDebInfo|x64 = RelWithDebInfo|x64
	EndGlobalSection
	GlobalSection(ProjectConfigurationPlatforms) = postSolution
		{6C747BAE-7BE3-3E56-8571-F620F2BB2144}.Debug|x64.ActiveCfg = Debug|x64
		{6C747BAE-7BE3-3E56-8571-F620F2BB2144}.Debug|x64.Build.0 = Debug|x64
		{6C747BAE-7BE3-3E56-8571-F620F2BB2144}.Release|x64.ActiveCfg = Release|x64
		{6C747BAE-7BE3-3E56-8571-F620F2BB2144}.Release|x64.Build.0 = Release|x64
		{6C747BAE-7BE3-3E56-8571-F620F2BB2144}.MinSizeRel|x64.ActiveCfg = MinSizeRel|x64
		{6C747BAE-7BE3-3E56-8571-F620F2BB2144}.MinSizeRel|x64.Build.0 = MinSizeRel|x64
		{6C747BAE-7BE3-3E56-8571-F620F2BB2144}.RelWithDebInfo|x64.ActiveCfg = RelWithDebInfo|x64
		{6C747BAE-7BE3-3E56-8571-F620F2BB2144}.RelWithDebInfo|x64.Build.0 = RelWithDebInfo|x64
		{0644171B-50BA-37AD-903D-E99F57B6EC5F}.Debug|x64.ActiveCfg = Debug|x64
		{0644171B-50BA-37AD-903D-E99F57B6EC5F}.Release|x64.ActiveCfg = Release|x64
		{0644171B-50BA-37AD-903D-E99F57B6EC5F}.MinSizeRel|x64.ActiveCfg = MinSizeRel|x64
		{0644171B-50BA-37AD-903D-E99F57B6EC5F}.RelWithDebInfo|x64.ActiveCfg = RelWithDebInfo|x64
		{4C0176F7-B844-3B5A-A27A-EF420B557ACD}.Debug|x64.ActiveCfg = Debug|x64
		{4C0176F7-B844-3B5A-A27A-EF420B557ACD}.Debug|x64.Build.0 = Debug|x64
		{4C0176F7-B844-3B5A-A27A-EF420B557ACD}.Release|x64.ActiveCfg = Release|x64
		{4C0176F7-B844-3B5A-A27A-EF420B557ACD}.Release|x64.Build.0 = Release|x64
		{4C0176F7-B844-3B5A-A27A-EF420B557ACD}.MinSizeRel|x64.ActiveCfg = MinSizeRel|x64
		{4C0176F7-B844-3B5A-A27A-EF420B557ACD}.MinSizeRel|x64.Build.0 = MinSizeRel|x64
		{4C0176F7-B844-3B5A-A27A-EF420B557ACD}.RelWithDebInfo|x64.ActiveCfg = RelWithDebInfo|x64
		{4C0176F7-B844-3B5A-A27A-EF420B557ACD}.RelWithDebInfo|x64.Build.0 = RelWithDebInfo|x64
		{BD4F256C-6705-3A04-A71D-AB058E601C67}.Debug|x64.ActiveCfg = Debug|x64
		{BD4F256C-6705-3A04-A71D-AB058E601C67}.Debug|x64.Build.0 = Debug|x64
		{BD4F256C-6705-3A04-A71D-AB058E601C67}.Release|x64.ActiveCfg = Release|x64
		{BD4F256C-6705-3A04-A71D-AB058E601C67}.Release|x64.Build.0 = Release|x64
		{BD4F256C-6705-3A04-A71D-AB058E601C67}.MinSizeRel|x64.ActiveCfg = MinSizeRel|x64
		{BD4F256C-6705-3A04-A71D-AB058E601C67}.MinSizeRel|x64.Build.0 = MinSizeRel|x64
		{BD4F256C-6705-3A04-A71D-AB058E601C67}.RelWithDebInfo|x64.ActiveCfg = RelWithDebInfo|x64
		{BD4F256C-6705-3A04-A71D-AB058E601C67}.RelWithDebInfo|x64.Build.0 = RelWithDebInfo|x64
		{B78EA2EE-B24E-3420-AC61-C67A247CF4EB}.Debug|x64.ActiveCfg = Debug|x64
		{B78EA2EE-B24E-3420-AC61-C67A247CF4EB}.Debug|x64.Build.0 = Debug|x64
		{B78EA2EE-B24E-3420-AC61-C67A247CF4EB}.Release|x64.ActiveCfg = Release|x64
		{B78EA2EE-B24E-3420-AC61-C67A247CF4EB}.Release|x64.Build.0 = Release|x64
		{B78EA2EE-B24E-3420-AC61-C67A247CF4EB}.MinSizeRel|x64.ActiveCfg = MinSizeRel|x64
		{B78EA2EE-B24E-3420-AC61-C67A247CF4EB}.MinSizeRel|x64.Build.0 = MinSizeRel|x64
		{B78EA2EE-B24E-3420-AC61-C67A247CF4EB}.RelWithDebInfo|x64.ActiveCfg = RelWithDebInfo|x64
		{B78EA2EE-B24E-3420-AC61-C67A247CF4EB}.RelWithDebInfo|x64.Build.0 = RelWithDebInfo|x64
		{684E9625-A03B-3054-837D-D33B79CE0776}.Debug|x64.ActiveCfg = Debug|x64
		{684E9625-A03B-3054-837D-D33B79CE0776}.Debug|x64.Build.0 = Debug|x64
		{684E9625-A03B-3054-837D-D33B79CE0776}.Release|x64.ActiveCfg = Release|x64
		{684E9625-A03B-3054-837D-D33B79CE0776}.Release|x64.Build.0 = Release|x64
		{684E9625-A03B-3054-837D-D33B79CE0776}.MinSizeRel|x64.ActiveCfg = MinSizeRel|x64
		{684E9625-A03B-3054-837D-D33B79CE0776}.MinSizeRel|x64.Build.0 = MinSizeRel|x64
		{684E9625-A03B-3054-837D-D33B79CE0776}.RelWithDebInfo|x64.ActiveCfg = RelWithDebInfo|x64
		{684E9625-A03B-3054-837D-D33B79CE0776}.RelWithDebInfo|x64.Build.0 = RelWithDebInfo|x64
		{87AB170C-962D-3896-B3CE-8AA44F74D43E}.Debug|x64.ActiveCfg = Debug|x64
		{87AB170C-962D-3896-B3CE-8AA44F74D43E}.Debug|x64.Build.0 = Debug|x64
		{87AB170C-962D-3896-B3CE-8AA44F74D43E}.Release|x64.ActiveCfg = Release|x64
		{87AB170C-962D-3896-B3CE-8AA44F74D43E}.Release|x64.Build.0 = Release|x64
		{87AB170C-962D-3896-B3CE-8AA44F74D43E}.MinSizeRel|x64.ActiveCfg = MinSizeRel|x64
		{87AB170C-962D-3896-B3CE-8AA44F74D43E}.MinSizeRel|x64.Build.0 = MinSizeRel|x64
		{87AB170C-962D-3896-B3CE-8AA44F74D43E}.RelWithDebInfo|x64.ActiveCfg = RelWithDebInfo|x64
		{87AB170C-962D-3896-B3CE-8AA44F74D43E}.RelWithDebInfo|x64.Build.0 = RelWithDebInfo|x64
		{896590CC-A3FD-3DD7-8580-47EF1F611D2C}.Debug|x64.ActiveCfg = Debug|x64
		{896590CC-A3FD-3DD7-8580-47EF1F611D2C}.Debug|x64.Build.0 = Debug|x64
		{896590CC-A3FD-3DD7-8580-47EF1F611D2C}.Release|x64.ActiveCfg = Release|x64
		{896590CC-A3FD-3DD7-8580-47EF1F611D2C}.Release|x64.Build.0 = Release|x64
		{896590CC-A3FD-3DD7-8580-47EF1F611D2C}.MinSizeRel|x64.ActiveCfg = MinSizeRel|x64
		{896590CC-A3FD-3DD7-8580-47EF1F611D2C}.MinSizeRel|x64.Build.0 = MinSizeRel|x64
		{896590CC-A3FD-3DD7-8580-47EF1F611D2C}.RelWithDebInfo|x64.ActiveCfg = RelWithDebInfo|x64
		{896590CC-A3FD-3DD7-8580-47EF1F611D2C}.RelWithDebInfo|x64.Build.0 = RelWithDebInfo|x64
		{04877FB0-BF48-3DB7-A167-09388A9B5B57}.Debug|x64.ActiveCfg = Debug|x64
		{04877FB0-BF48-3DB7-A167-09388A9B5B57}.Debug|x64.Build.0 = Debug|x64
		{04877FB0-BF48-3DB7-A167-09388A9B5B57}.Release|x64.ActiveCfg = Release|x64
		{04877FB0-BF48-3DB7-A167-09388A9B5B57}.Release|x64.Build.0 = Release|x64
		{04877FB0-BF48-3DB7-A167-09388A9B5B57}.MinSizeRel|x64.ActiveCfg = MinSizeRel|x64
		{04877FB0-BF48-3DB7-A167-09388A9B5B57}.MinSizeRel|x64.Build.0 = MinSizeRel|x64
		{04877FB0-BF48-3DB7-A167-09388A9B5B57}.RelWithDebInfo|x64.ActiveCfg = RelWithDebInfo|x64
		{04877FB0-BF48-3DB7-A167-09388A9B5B57}.RelWithDebInfo|x64.Build.0 = RelWithDebInfo|x64
		{46D38CA4-ECA0-31FD-B232-47259867DB1F}.Debug|x64.ActiveCfg = Debug|x64
		{46D38CA4-ECA0-31FD-B232-47259867DB1F}.Debug|x64.Build.0 = Debug|x64
		{46D38CA4-ECA0-31FD-B232-47259867DB1F}.Release|x64.ActiveCfg = Release|x64
		{46D38CA4-ECA0-31FD-B232-47259867DB1F}.Release|x64.Build.0 = Release|x64
		{46D38CA4-ECA0-31FD-B232-47259867DB1F}.MinSizeRel|x64.ActiveCfg = MinSizeRel|x64
		{46D38CA4-ECA0-31FD-B232-47259867DB1F}.MinSizeRel|x64.Build.0 = MinSizeRel|x64
		{46D38CA4-ECA0-31FD-B232-47259867DB1F}.RelWithDebInfo|x64.ActiveCfg = RelWithDebInfo|x64
		{46D38CA4-ECA0-31FD-B232-47259867DB1F}.RelWithDebInfo|x64.Build.0 = RelWithDebInfo|x64
		{A6A39AA7-95A2-3F5D-89BC-FE9E924F11A6}.Debug|x64.ActiveCfg = Debug|x64
		{A6A39AA7-95A2-3F5D-89BC-FE9E924F11A6}.Debug|x64.Build.0 = Debug|x64
		{A6A39AA7-95A2-3F5D-89BC-FE9E924F11A6}.Release|x64.ActiveCfg = Release|x64
		{A6A39AA7-95A2-3F5D-89BC-FE9E924F11A6}.Release|x64.Build.0 = Release|x64
		{A6A39AA7-95A2-3F5D-89BC-FE9E924F11A6}.MinSizeRel|x64.ActiveCfg = MinSizeRel|x64
		{A6A39AA7-95A2-3F5D-89BC-FE9E924F11A6}.MinSizeRel|x64.Build.0 = MinSizeRel|x64
		{A6A39AA7-95A2-3F5D-89BC-FE9E924F11A6}.RelWithDebInfo|x64.ActiveCfg = RelWithDebInfo|x64
		{A6A39AA7-95A2-3F5D-89BC-FE9E924F11A6}.RelWithDebInfo|x64.Build.0 = RelWithDebInfo|x64
		{E3515616-FCB1-3198-929A-39026938EF3B}.Debug|x64.ActiveCfg = Debug|x64
		{E3515616-FCB1-3198-929A-39026938EF3B}.Debug|x64.Build.0 = Debug|x64
		{E3515616-FCB1-3198-929A-39026938EF3B}.Release|x64.ActiveCfg = Release|x64
		{E3515616-FCB1-3198-929A-39026938EF3B}.Release|x64.Build.0 = Release|x64
		{E3515616-FCB1-3198-929A-39026938EF3B}.MinSizeRel|x64.ActiveCfg = MinSizeRel|x64
		{E3515616-FCB1-3198-929A-39026938EF3B}.MinSizeRel|x64.Build.0 = MinSizeRel|x64
		{E3515616-FCB1-3198-929A-39026938EF3B}.RelWithDebInfo|x64.ActiveCfg = RelWithDebInfo|x64
		{E3515616-FCB1-3198-929A-39026938EF3B}.RelWithDebInfo|x64.Build.0 = RelWithDebInfo|x64
		{E715C33E-8833-314E-87FC-98F17872919F}.Debug|x64.ActiveCfg = Debug|x64
		{E715C33E-8833-314E-87FC-98F17872919F}.Debug|x64.Build.0 = Debug|x64
		{E715C33E-8833-314E-87FC-98F17872919F}.Release|x64.ActiveCfg = Release|x64
		{E715C33E-8833-314E-87FC-98F17872919F}.Release|x64.Build.0 = Release|x64
		{E715C33E-8833-314E-87FC-98F17872919F}.MinSizeRel|x64.ActiveCfg = MinSizeRel|x64
		{E715C33E-8833-314E-87FC-98F17872919F}.MinSizeRel|x64.Build.0 = MinSizeRel|x64
		{E715C33E-8833-314E-87FC-98F17872919F}.RelWithDebInfo|x64.ActiveCfg = RelWithDebInfo|x64
		{E715C33E-8833-314E-87FC-98F17872919F}.RelWithDebInfo|x64.Build.0 = RelWithDebInfo|x64
		{DA088F4C-B6FC-304D-BCA0-CF709CED9CD8}.Debug|x64.ActiveCfg = Debug|x64
		{DA088F4C-B6FC-304D-BCA0-CF709CED9CD8}.Debug|x64.Build.0 = Debug|x64
		{DA088F4C-B6FC-304D-BCA0-CF709CED9CD8}.Release|x64.ActiveCfg = Release|x64
		{DA088F4C-B6FC-304D-BCA0-CF709CED9CD8}.Release|x64.Build.0 = Release|x64
		{DA088F4C-B6FC-304D-BCA0-CF709CED9CD8}.MinSizeRel|x64.ActiveCfg = MinSizeRel|x64
		{DA088F4C-B6FC-304D-BCA0-CF709CED9CD8}.MinSizeRel|x64.Build.0 = MinSizeRel|x64
		{DA088F4C-B6FC-304D-BCA0-CF709CED9CD8}.RelWithDebInfo|x64.ActiveCfg = RelWithDebInfo|x64
		{DA088F4C-B6FC-304D-BCA0-CF709CED9CD8}.RelWithDebInfo|x64.Build.0 = RelWithDebInfo|x64
		{9372187F-C89B-3224-93F2-3B098BA545D5}.Debug|x64.ActiveCfg = Debug|x64
		{9372187F-C89B-3224-93F2-3B098BA545D5}.Debug|x64.Build.0 = Debug|x64
		{9372187F-C89B-3224-93F2-3B098BA545D5}.Release|x64.ActiveCfg = Release|x64
		{9372187F-C89B-3224-93F2-3B098BA545D5}.Release|x64.Build.0 = Release|x64
		{9372187F-C89B-3224-93F2-3B098BA545D5}.MinSizeRel|x64.ActiveCfg = MinSizeRel|x64
		{9372187F-C89B-3224-93F2-3B098BA545D5}.MinSizeRel|x64.Build.0 = MinSizeRel|x64
		{9372187F-C89B-3224-93F2-3B098BA545D5}.RelWithDebInfo|x64.ActiveCfg = RelWithDebInfo|x64
		{9372187F-C89B-3224-93F2-3B098BA545D5}.RelWithDebInfo|x64.Build.0 = RelWithDebInfo|x64
		{F6CB48CB-D5A2-36A7-98CA-4DDB804C689D}.Debug|x64.ActiveCfg = Debug|x64
		{F6CB48CB-D5A2-36A7-98CA-4DDB804C689D}.Debug|x64.Build.0 = Debug|x64
		{F6CB48CB-D5A2-36A7-98CA-4DDB804C689D}.Release|x64.ActiveCfg = Release|x64
		{F6CB48CB-D5A2-36A7-98CA-4DDB804C689D}.Release|x64.Build.0 = Release|x64
		{F6CB48CB-D5A2-36A7-98CA-4DDB804C689D}.MinSizeRel|x64.ActiveCfg = MinSizeRel|x64
		{F6CB48CB-D5A2-36A7-98CA-4DDB804C689D}.MinSizeRel|x64.Build.0 = MinSizeRel|x64
		{F6CB48CB-D5A2-36A7-98CA-4DDB804C689D}.RelWithDebInfo|x64.ActiveCfg = RelWithDebInfo|x64
		{F6CB48CB-D5A2-36A7-98CA-4DDB804C689D}.RelWithDebInfo|x64.Build.0 = RelWithDebInfo|x64
		{5DA7F2A4-B618-376C-9DBA-A0113E9C3EEB}.Debug|x64.ActiveCfg = Debug|x64
		{5DA7F2A4-B618-376C-9DBA-A0113E9C3EEB}.Debug|x64.Build.0 = Debug|x64
		{5DA7F2A4-B618-376C-9DBA-A0113E9C3EEB}.Release|x64.ActiveCfg = Release|x64
		{5DA7F2A4-B618-376C-9DBA-A0113E9C3EEB}.Release|x64.Build.0 = Release|x64
		{5DA7F2A4-B618-376C-9DBA-A0113E9C3EEB}.MinSizeRel|x64.ActiveCfg = MinSizeRel|x64
		{5DA7F2A4-B618-376C-9DBA-A0113E9C3EEB}.MinSizeRel|x64.Build.0 = MinSizeRel|x64
		{5DA7F2A4-B618-376C-9DBA-A0113E9C3EEB}.RelWithDebInfo|x64.ActiveCfg = RelWithDebInfo|x64
		{5DA7F2A4-B618-376C-9DBA-A0113E9C3EEB}.RelWithDebInfo|x64.Build.0 = RelWithDebInfo|x64
		{9C03CC57-3685-33D8-A7CA-359CA167CC3C}.Debug|x64.ActiveCfg = Debug|x64
		{9C03CC57-3685-33D8-A7CA-359CA167CC3C}.Debug|x64.Build.0 = Debug|x64
		{9C03CC57-3685-33D8-A7CA-359CA167CC3C}.Release|x64.ActiveCfg = Release|x64
		{9C03CC57-3685-33D8-A7CA-359CA167CC3C}.Release|x64.Build.0 = Release|x64
		{9C03CC57-3685-33D8-A7CA-359CA167CC3C}.MinSizeRel|x64.ActiveCfg = MinSizeRel|x64
		{9C03CC57-3685-33D8-A7CA-359CA167CC3C}.MinSizeRel|x64.Build.0 = MinSizeRel|x64
		{9C03CC57-3685-33D8-A7CA-359CA167CC3C}.RelWithDebInfo|x64.ActiveCfg = RelWithDebInfo|x64
		{9C03CC57-3685-33D8-A7CA-359CA167CC3C}.RelWithDebInfo|x64.Build.0 = RelWithDebInfo|x64
		{C3A4ABBF-7A27-3B25-9AD6-25C8653E8CAC}.Debug|x64.ActiveCfg = Debug|x64
		{C3A4ABBF-7A27-3B25-9AD6-25C8653E8CAC}.Debug|x64.Build.0 = Debug|x64
		{C3A4ABBF-7A27-3B25-9AD6-25C8653E8CAC}.Release|x64.ActiveCfg = Release|x64
		{C3A4ABBF-7A27-3B25-9AD6-25C8653E8CAC}.Release|x64.Build.0 = Release|x64
		{C3A4ABBF-7A27-3B25-9AD6-25C8653E8CAC}.MinSizeRel|x64.ActiveCfg = MinSizeRel|x64
		{C3A4ABBF-7A27-3B25-9AD6-25C8653E8CAC}.MinSizeRel|x64.Build.0 = MinSizeRel|x64
		{C3A4ABBF-7A27-3B25-9AD6-25C8653E8CAC}.RelWithDebInfo|x64.ActiveCfg = RelWithDebInfo|x64
		{C3A4ABBF-7A27-3B25-9AD6-25C8653E8CAC}.RelWithDebInfo|x64.Build.0 = RelWithDebInfo|x64
		{03E77480-2F70-3F0D-A780-57E52B095B59}.Debug|x64.ActiveCfg = Debug|x64
		{03E77480-2F70-3F0D-A780-57E52B095B59}.Debug|x64.Build.0 = Debug|x64
		{03E77480-2F70-3F0D-A780-57E52B095B59}.Release|x64.ActiveCfg = Release|x64
		{03E77480-2F70-3F0D-A780-57E52B095B59}.Release|x64.Build.0 = Release|x64
		{03E77480-2F70-3F0D-A780-57E52B095B59}.MinSizeRel|x64.ActiveCfg = MinSizeRel|x64
		{03E77480-2F70-3F0D-A780-57E52B095B59}.MinSizeRel|x64.Build.0 = MinSizeRel|x64
		{03E77480-2F70-3F0D-A780-57E52B095B59}.RelWithDebInfo|x64.ActiveCfg = RelWithDebInfo|x64
		{03E77480-2F70-3F0D-A780-57E52B095B59}.RelWithDebInfo|x64.Build.0 = RelWithDebInfo|x64
		{0BEBE075-40AB-3E82-9A5D-2C904D8D39A4}.Debug|x64.ActiveCfg = Debug|x64
		{0BEBE075-40AB-3E82-9A5D-2C904D8D39A4}.Debug|x64.Build.0 = Debug|x64
		{0BEBE075-40AB-3E82-9A5D-2C904D8D39A4}.Release|x64.ActiveCfg = Release|x64
		{0BEBE075-40AB-3E82-9A5D-2C904D8D39A4}.Release|x64.Build.0 = Release|x64
		{0BEBE075-40AB-3E82-9A5D-2C904D8D39A4}.MinSizeRel|x64.ActiveCfg = MinSizeRel|x64
		{0BEBE075-40AB-3E82-9A5D-2C904D8D39A4}.MinSizeRel|x64.Build.0 = MinSizeRel|x64
		{0BEBE075-40AB-3E82-9A5D-2C904D8D39A4}.RelWithDebInfo|x64.ActiveCfg = RelWithDebInfo|x64
		{0BEBE075-40AB-3E82-9A5D-2C904D8D39A4}.RelWithDebInfo|x64.Build.0 = RelWithDebInfo|x64
		{29753A0E-8EB0-37AE-8CB5-3ECB732C1228}.Debug|x64.ActiveCfg = Debug|x64
		{29753A0E-8EB0-37AE-8CB5-3ECB732C1228}.Debug|x64.Build.0 = Debug|x64
		{29753A0E-8EB0-37AE-8CB5-3ECB732C1228}.Release|x64.ActiveCfg = Release|x64
		{29753A0E-8EB0-37AE-8CB5-3ECB732C1228}.Release|x64.Build.0 = Release|x64
		{29753A0E-8EB0-37AE-8CB5-3ECB732C1228}.MinSizeRel|x64.ActiveCfg = MinSizeRel|x64
		{29753A0E-8EB0-37AE-8CB5-3ECB732C1228}.MinSizeRel|x64.Build.0 = MinSizeRel|x64
		{29753A0E-8EB0-37AE-8CB5-3ECB732C1228}.RelWithDebInfo|x64.ActiveCfg = RelWithDebInfo|x64
		{29753A0E-8EB0-37AE-8CB5-3ECB732C1228}.RelWithDebInfo|x64.Build.0 = RelWithDebInfo|x64
		{300B7E66-7F4C-3DA0-95A0-5A7D4AAEC199}.Debug|x64.ActiveCfg = Debug|x64
		{300B7E66-7F4C-3DA0-95A0-5A7D4AAEC199}.Debug|x64.Build.0 = Debug|x64
		{300B7E66-7F4C-3DA0-95A0-5A7D4AAEC199}.Release|x64.ActiveCfg = Release|x64
		{300B7E66-7F4C-3DA0-95A0-5A7D4AAEC199}.Release|x64.Build.0 = Release|x64
		{300B7E66-7F4C-3DA0-95A0-5A7D4AAEC199}.MinSizeRel|x64.ActiveCfg = MinSizeRel|x64
		{300B7E66-7F4C-3DA0-95A0-5A7D4AAEC199}.MinSizeRel|x64.Build.0 = MinSizeRel|x64
		{300B7E66-7F4C-3DA0-95A0-5A7D4AAEC199}.RelWithDebInfo|x64.ActiveCfg = RelWithDebInfo|x64
		{300B7E66-7F4C-3DA0-95A0-5A7D4AAEC199}.RelWithDebInfo|x64.Build.0 = RelWithDebInfo|x64
		{9E75DB03-922A-34DE-8743-9A44A828255F}.Debug|x64.ActiveCfg = Debug|x64
		{9E75DB03-922A-34DE-8743-9A44A828255F}.Debug|x64.Build.0 = Debug|x64
		{9E75DB03-922A-34DE-8743-9A44A828255F}.Release|x64.ActiveCfg = Release|x64
		{9E75DB03-922A-34DE-8743-9A44A828255F}.Release|x64.Build.0 = Release|x64
		{9E75DB03-922A-34DE-8743-9A44A828255F}.MinSizeRel|x64.ActiveCfg = MinSizeRel|x64
		{9E75DB03-922A-34DE-8743-9A44A828255F}.MinSizeRel|x64.Build.0 = MinSizeRel|x64
		{9E75DB03-922A-34DE-8743-9A44A828255F}.RelWithDebInfo|x64.ActiveCfg = RelWithDebInfo|x64
		{9E75DB03-922A-34DE-8743-9A44A828255F}.RelWithDebInfo|x64.Build.0 = RelWithDebInfo|x64
		{9428FE3C-C634-3DE2-BD48-D84B055E735A}.Debug|x64.ActiveCfg = Debug|x64
		{9428FE3C-C634-3DE2-BD48-D84B055E735A}.Debug|x64.Build.0 = Debug|x64
		{9428FE3C-C634-3DE2-BD48-D84B055E735A}.Release|x64.ActiveCfg = Release|x64
		{9428FE3C-C634-3DE2-BD48-D84B055E735A}.Release|x64.Build.0 = Release|x64
		{9428FE3C-C634-3DE2-BD48-D84B055E735A}.MinSizeRel|x64.ActiveCfg = MinSizeRel|x64
		{9428FE3C-C634-3DE2-BD48-D84B055E735A}.MinSizeRel|x64.Build.0 = MinSizeRel|x64
		{9428FE3C-C634-3DE2-BD48-D84B055E735A}.RelWithDebInfo|x64.ActiveCfg = RelWithDebInfo|x64
		{9428FE3C-C634-3DE2-BD48-D84B055E735A}.RelWithDebInfo|x64.Build.0 = RelWithDebInfo|x64
		{D0C36CD6-64EB-327F-9753-AA9C6CAAEED3}.Debug|x64.ActiveCfg = Debug|x64
		{D0C36CD6-64EB-327F-9753-AA9C6CAAEED3}.Debug|x64.Build.0 = Debug|x64
		{D0C36CD6-64EB-327F-9753-AA9C6CAAEED3}.Release|x64.ActiveCfg = Release|x64
		{D0C36CD6-64EB-327F-9753-AA9C6CAAEED3}.Release|x64.Build.0 = Release|x64
		{D0C36CD6-64EB-327F-9753-AA9C6CAAEED3}.MinSizeRel|x64.ActiveCfg = MinSizeRel|x64
		{D0C36CD6-64EB-327F-9753-AA9C6CAAEED3}.MinSizeRel|x64.Build.0 = MinSizeRel|x64
		{D0C36CD6-64EB-327F-9753-AA9C6CAAEED3}.RelWithDebInfo|x64.ActiveCfg = RelWithDebInfo|x64
		{D0C36CD6-64EB-327F-9753-AA9C6CAAEED3}.RelWithDebInfo|x64.Build.0 = RelWithDebInfo|x64
		{64F341E4-F8B4-3CAA-A582-B02CA1064A3A}.Debug|x64.ActiveCfg = Debug|x64
		{64F341E4-F8B4-3CAA-A582-B02CA1064A3A}.Debug|x64.Build.0 = Debug|x64
		{64F341E4-F8B4-3CAA-A582-B02CA1064A3A}.Release|x64.ActiveCfg = Release|x64
		{64F341E4-F8B4-3CAA-A582-B02CA1064A3A}.Release|x64.Build.0 = Release|x64
		{64F341E4-F8B4-3CAA-A582-B02CA1064A3A}.MinSizeRel|x64.ActiveCfg = MinSizeRel|x64
		{64F341E4-F8B4-3CAA-A582-B02CA1064A3A}.MinSizeRel|x64.Build.0 = MinSizeRel|x64
		{64F341E4-F8B4-3CAA-A582-B02CA1064A3A}.RelWithDebInfo|x64.ActiveCfg = RelWithDebInfo|x64
		{64F341E4-F8B4-3CAA-A582-B02CA1064A3A}.RelWithDebInfo|x64.Build.0 = RelWithDebInfo|x64
		{876EFCCA-A8AA-351D-8FAF-440F607E0053}.Debug|x64.ActiveCfg = Debug|x64
		{876EFCCA-A8AA-351D-8FAF-440F607E0053}.Debug|x64.Build.0 = Debug|x64
		{876EFCCA-A8AA-351D-8FAF-440F607E0053}.Release|x64.ActiveCfg = Release|x64
		{876EFCCA-A8AA-351D-8FAF-440F607E0053}.Release|x64.Build.0 = Release|x64
		{876EFCCA-A8AA-351D-8FAF-440F607E0053}.MinSizeRel|x64.ActiveCfg = MinSizeRel|x64
		{876EFCCA-A8AA-351D-8FAF-440F607E0053}.MinSizeRel|x64.Build.0 = MinSizeRel|x64
		{876EFCCA-A8AA-351D-8FAF-440F607E0053}.RelWithDebInfo|x64.ActiveCfg = RelWithDebInfo|x64
		{876EFCCA-A8AA-351D-8FAF-440F607E0053}.RelWithDebInfo|x64.Build.0 = RelWithDebInfo|x64
		{E6AB9A6A-B302-3EB1-A884-754569182282}.Debug|x64.ActiveCfg = Debug|x64
		{E6AB9A6A-B302-3EB1-A884-754569182282}.Debug|x64.Build.0 = Debug|x64
		{E6AB9A6A-B302-3EB1-A884-754569182282}.Release|x64.ActiveCfg = Release|x64
		{E6AB9A6A-B302-3EB1-A884-754569182282}.Release|x64.Build.0 = Release|x64
		{E6AB9A6A-B302-3EB1-A884-754569182282}.MinSizeRel|x64.ActiveCfg = MinSizeRel|x64
		{E6AB9A6A-B302-3EB1-A884-754569182282}.MinSizeRel|x64.Build.0 = MinSizeRel|x64
		{E6AB9A6A-B302-3EB1-A884-754569182282}.RelWithDebInfo|x64.ActiveCfg = RelWithDebInfo|x64
		{E6AB9A6A-B302-3EB1-A884-754569182282}.RelWithDebInfo|x64.Build.0 = RelWithDebInfo|x64
		{D6C87D5F-59D8-3CA3-9296-01ED3097671B}.Debug|x64.ActiveCfg = Debug|x64
		{D6C87D5F-59D8-3CA3-9296-01ED3097671B}.Debug|x64.Build.0 = Debug|x64
		{D6C87D5F-59D8-3CA3-9296-01ED3097671B}.Release|x64.ActiveCfg = Release|x64
		{D6C87D5F-59D8-3CA3-9296-01ED3097671B}.Release|x64.Build.0 = Release|x64
		{D6C87D5F-59D8-3CA3-9296-01ED3097671B}.MinSizeRel|x64.ActiveCfg = MinSizeRel|x64
		{D6C87D5F-59D8-3CA3-9296-01ED3097671B}.MinSizeRel|x64.Build.0 = MinSizeRel|x64
		{D6C87D5F-59D8-3CA3-9296-01ED3097671B}.RelWithDebInfo|x64.ActiveCfg = RelWithDebInfo|x64
		{D6C87D5F-59D8-3CA3-9296-01ED3097671B}.RelWithDebInfo|x64.Build.0 = RelWithDebInfo|x64
		{27F46DF6-4D7D-34AC-8AB2-07733E097903}.Debug|x64.ActiveCfg = Debug|x64
		{27F46DF6-4D7D-34AC-8AB2-07733E097903}.Debug|x64.Build.0 = Debug|x64
		{27F46DF6-4D7D-34AC-8AB2-07733E097903}.Release|x64.ActiveCfg = Release|x64
		{27F46DF6-4D7D-34AC-8AB2-07733E097903}.Release|x64.Build.0 = Release|x64
		{27F46DF6-4D7D-34AC-8AB2-07733E097903}.MinSizeRel|x64.ActiveCfg = MinSizeRel|x64
		{27F46DF6-4D7D-34AC-8AB2-07733E097903}.MinSizeRel|x64.Build.0 = MinSizeRel|x64
		{27F46DF6-4D7D-34AC-8AB2-07733E097903}.RelWithDebInfo|x64.ActiveCfg = RelWithDebInfo|x64
		{27F46DF6-4D7D-34AC-8AB2-07733E097903}.RelWithDebInfo|x64.Build.0 = RelWithDebInfo|x64
		{67DA3979-23A2-3AD3-8C37-2EF2EC18D6ED}.Debug|x64.ActiveCfg = Debug|x64
		{67DA3979-23A2-3AD3-8C37-2EF2EC18D6ED}.Debug|x64.Build.0 = Debug|x64
		{67DA3979-23A2-3AD3-8C37-2EF2EC18D6ED}.Release|x64.ActiveCfg = Release|x64
		{67DA3979-23A2-3AD3-8C37-2EF2EC18D6ED}.Release|x64.Build.0 = Release|x64
		{67DA3979-23A2-3AD3-8C37-2EF2EC18D6ED}.MinSizeRel|x64.ActiveCfg = MinSizeRel|x64
		{67DA3979-23A2-3AD3-8C37-2EF2EC18D6ED}.MinSizeRel|x64.Build.0 = MinSizeRel|x64
		{67DA3979-23A2-3AD3-8C37-2EF2EC18D6ED}.RelWithDebInfo|x64.ActiveCfg = RelWithDebInfo|x64
		{67DA3979-23A2-3AD3-8C37-2EF2EC18D6ED}.RelWithDebInfo|x64.Build.0 = RelWithDebInfo|x64
		{2B950E03-D2E6-35DA-B332-C3C3AAA4B8A5}.Debug|x64.ActiveCfg = Debug|x64
		{2B950E03-D2E6-35DA-B332-C3C3AAA4B8A5}.Release|x64.ActiveCfg = Release|x64
		{2B950E03-D2E6-35DA-B332-C3C3AAA4B8A5}.MinSizeRel|x64.ActiveCfg = MinSizeRel|x64
		{2B950E03-D2E6-35DA-B332-C3C3AAA4B8A5}.RelWithDebInfo|x64.ActiveCfg = RelWithDebInfo|x64
		{57AAA400-FC83-301E-A936-204ADC51AE4D}.Debug|x64.ActiveCfg = Debug|x64
		{57AAA400-FC83-301E-A936-204ADC51AE4D}.Debug|x64.Build.0 = Debug|x64
		{57AAA400-FC83-301E-A936-204ADC51AE4D}.Release|x64.ActiveCfg = Release|x64
		{57AAA400-FC83-301E-A936-204ADC51AE4D}.Release|x64.Build.0 = Release|x64
		{57AAA400-FC83-301E-A936-204ADC51AE4D}.MinSizeRel|x64.ActiveCfg = MinSizeRel|x64
		{57AAA400-FC83-301E-A936-204ADC51AE4D}.MinSizeRel|x64.Build.0 = MinSizeRel|x64
		{57AAA400-FC83-301E-A936-204ADC51AE4D}.RelWithDebInfo|x64.ActiveCfg = RelWithDebInfo|x64
		{57AAA400-FC83-301E-A936-204ADC51AE4D}.RelWithDebInfo|x64.Build.0 = RelWithDebInfo|x64
		{65232F2A-EB67-3B7F-862B-A32F85650918}.Debug|x64.ActiveCfg = Debug|x64
		{65232F2A-EB67-3B7F-862B-A32F85650918}.Debug|x64.Build.0 = Debug|x64
		{65232F2A-EB67-3B7F-862B-A32F85650918}.Release|x64.ActiveCfg = Release|x64
		{65232F2A-EB67-3B7F-862B-A32F85650918}.Release|x64.Build.0 = Release|x64
		{65232F2A-EB67-3B7F-862B-A32F85650918}.MinSizeRel|x64.ActiveCfg = MinSizeRel|x64
		{65232F2A-EB67-3B7F-862B-A32F85650918}.MinSizeRel|x64.Build.0 = MinSizeRel|x64
		{65232F2A-EB67-3B7F-862B-A32F85650918}.RelWithDebInfo|x64.ActiveCfg = RelWithDebInfo|x64
		{65232F2A-EB67-3B7F-862B-A32F85650918}.RelWithDebInfo|x64.Build.0 = RelWithDebInfo|x64
	EndGlobalSection
	GlobalSection(NestedProjects) = preSolution
		{6C747BAE-7BE3-3E56-8571-F620F2BB2144} = {EF82A709-11ED-356F-8642-C04E902036A0}
		{0644171B-50BA-37AD-903D-E99F57B6EC5F} = {EF82A709-11ED-356F-8642-C04E902036A0}
		{4C0176F7-B844-3B5A-A27A-EF420B557ACD} = {EF82A709-11ED-356F-8642-C04E902036A0}
		{3943A711-1357-30B6-BE72-56040E83DF1A} = {A967B3F0-77B5-3055-9A1D-5C4A81D4EA4C}
		{9C6F0DC5-602D-321E-B9FE-B505E343D7CB} = {A967B3F0-77B5-3055-9A1D-5C4A81D4EA4C}
		{E3515616-FCB1-3198-929A-39026938EF3B} = {A967B3F0-77B5-3055-9A1D-5C4A81D4EA4C}
		{2B950E03-D2E6-35DA-B332-C3C3AAA4B8A5} = {A967B3F0-77B5-3055-9A1D-5C4A81D4EA4C}
		{BD4F256C-6705-3A04-A71D-AB058E601C67} = {3943A711-1357-30B6-BE72-56040E83DF1A}
		{A6A39AA7-95A2-3F5D-89BC-FE9E924F11A6} = {3943A711-1357-30B6-BE72-56040E83DF1A}
		{DA088F4C-B6FC-304D-BCA0-CF709CED9CD8} = {3943A711-1357-30B6-BE72-56040E83DF1A}
		{0BEBE075-40AB-3E82-9A5D-2C904D8D39A4} = {3943A711-1357-30B6-BE72-56040E83DF1A}
		{300B7E66-7F4C-3DA0-95A0-5A7D4AAEC199} = {3943A711-1357-30B6-BE72-56040E83DF1A}
		{9428FE3C-C634-3DE2-BD48-D84B055E735A} = {3943A711-1357-30B6-BE72-56040E83DF1A}
		{D0C36CD6-64EB-327F-9753-AA9C6CAAEED3} = {3943A711-1357-30B6-BE72-56040E83DF1A}
		{27F46DF6-4D7D-34AC-8AB2-07733E097903} = {3943A711-1357-30B6-BE72-56040E83DF1A}
		{57AAA400-FC83-301E-A936-204ADC51AE4D} = {3943A711-1357-30B6-BE72-56040E83DF1A}
		{B78EA2EE-B24E-3420-AC61-C67A247CF4EB} = {9C6F0DC5-602D-321E-B9FE-B505E343D7CB}
		{684E9625-A03B-3054-837D-D33B79CE0776} = {9C6F0DC5-602D-321E-B9FE-B505E343D7CB}
		{896590CC-A3FD-3DD7-8580-47EF1F611D2C} = {9C6F0DC5-602D-321E-B9FE-B505E343D7CB}
		{04877FB0-BF48-3DB7-A167-09388A9B5B57} = {9C6F0DC5-602D-321E-B9FE-B505E343D7CB}
		{46D38CA4-ECA0-31FD-B232-47259867DB1F} = {9C6F0DC5-602D-321E-B9FE-B505E343D7CB}
		{E715C33E-8833-314E-87FC-98F17872919F} = {9C6F0DC5-602D-321E-B9FE-B505E343D7CB}
		{9372187F-C89B-3224-93F2-3B098BA545D5} = {9C6F0DC5-602D-321E-B9FE-B505E343D7CB}
		{F6CB48CB-D5A2-36A7-98CA-4DDB804C689D} = {9C6F0DC5-602D-321E-B9FE-B505E343D7CB}
		{5DA7F2A4-B618-376C-9DBA-A0113E9C3EEB} = {9C6F0DC5-602D-321E-B9FE-B505E343D7CB}
		{9C03CC57-3685-33D8-A7CA-359CA167CC3C} = {9C6F0DC5-602D-321E-B9FE-B505E343D7CB}
		{C3A4ABBF-7A27-3B25-9AD6-25C8653E8CAC} = {9C6F0DC5-602D-321E-B9FE-B505E343D7CB}
		{03E77480-2F70-3F0D-A780-57E52B095B59} = {9C6F0DC5-602D-321E-B9FE-B505E343D7CB}
		{29753A0E-8EB0-37AE-8CB5-3ECB732C1228} = {9C6F0DC5-602D-321E-B9FE-B505E343D7CB}
		{9E75DB03-922A-34DE-8743-9A44A828255F} = {9C6F0DC5-602D-321E-B9FE-B505E343D7CB}
		{64F341E4-F8B4-3CAA-A582-B02CA1064A3A} = {9C6F0DC5-602D-321E-B9FE-B505E343D7CB}
		{876EFCCA-A8AA-351D-8FAF-440F607E0053} = {9C6F0DC5-602D-321E-B9FE-B505E343D7CB}
		{E6AB9A6A-B302-3EB1-A884-754569182282} = {9C6F0DC5-602D-321E-B9FE-B505E343D7CB}
		{D6C87D5F-59D8-3CA3-9296-01ED3097671B} = {9C6F0DC5-602D-321E-B9FE-B505E343D7CB}
		{67DA3979-23A2-3AD3-8C37-2EF2EC18D6ED} = {9C6F0DC5-602D-321E-B9FE-B505E343D7CB}
		{65232F2A-EB67-3B7F-862B-A32F85650918} = {9C6F0DC5-602D-321E-B9FE-B505E343D7CB}
	EndGlobalSection
	GlobalSection(ExtensibilityGlobals) = postSolution
		SolutionGuid = {D26034E8-7930-3506-B54B-9D687B48E10E}
	EndGlobalSection
	GlobalSection(ExtensibilityAddIns) = postSolution
	EndGlobalSection
EndGlobal
