<?xml version="1.0" encoding="utf-8"?>
<Project ToolsVersion="16.0" xmlns="http://schemas.microsoft.com/developer/msbuild/2003">
  <ItemGroup>
    <CustomBuild Include="C:\github\RocketSim\RocketSim\dependencies\glfw\CMakeFiles\0fdee7754141b46d4afd499cee18733f\uninstall.rule">
      <Filter>CMake Rules</Filter>
    </CustomBuild>
    <CustomBuild Include="C:\github\RocketSim\RocketSim\dependencies\glfw\CMakeLists.txt" />
  </ItemGroup>
  <ItemGroup>
    <None Include="C:\github\RocketSim\RocketSim\dependencies\glfw\CMakeFiles\uninstall" />
  </ItemGroup>
  <ItemGroup>
    <Filter Include="CMake Rules">
      <UniqueIdentifier>{7C3985BA-369C-3591-A549-878CB9C895D5}</UniqueIdentifier>
    </Filter>
  </ItemGroup>
</Project>
