<?xml version="1.0" encoding="utf-8"?>
<Project ToolsVersion="16.0" xmlns="http://schemas.microsoft.com/developer/msbuild/2003">
  <ItemGroup>
    <CustomBuild Include="C:\github\RocketSim\RocketSim\dependencies\glfw\CMakeFiles\53d9b927f59ab7ebe8521a4c8fd470d3\docs.rule">
      <Filter>CMake Rules</Filter>
    </CustomBuild>
    <CustomBuild Include="C:\github\RocketSim\RocketSim\dependencies\glfw\docs\CMakeLists.txt" />
  </ItemGroup>
  <ItemGroup>
    <None Include="C:\github\RocketSim\RocketSim\dependencies\glfw\docs\CMakeFiles\docs" />
  </ItemGroup>
  <ItemGroup>
    <Filter Include="CMake Rules">
      <UniqueIdentifier>{7C3985BA-369C-3591-A549-878CB9C895D5}</UniqueIdentifier>
    </Filter>
  </ItemGroup>
</Project>
