<?xml version="1.0" encoding="utf-8"?>
<Project ToolsVersion="16.0" xmlns="http://schemas.microsoft.com/developer/msbuild/2003">
  <ItemGroup>
    <CustomBuild Include="C:\github\RocketSim\RocketSim\dependencies\glfw\CMakeFiles\99d9323d81cd6b3821e6154ceded391c\INSTALL_force.rule">
      <Filter>CMake Rules</Filter>
    </CustomBuild>
  </ItemGroup>
  <ItemGroup>
    <Filter Include="CMake Rules">
      <UniqueIdentifier>{7C3985BA-369C-3591-A549-878CB9C895D5}</UniqueIdentifier>
    </Filter>
  </ItemGroup>
</Project>
